{
  "name": "com.phoenixrobotix.cicd",
  "version": "1.0.0",
  "lockfileVersion": 1,
  "requires": true,
  "dependencies": {
    "cordova-plugin-splashscreen": {
      "version": "6.0.0",
      "resolved": "https://registry.npmjs.org/cordova-plugin-splashscreen/-/cordova-plugin-splashscreen-6.0.0.tgz",
      "integrity": "sha512-pm4ZtJKQY4bCGXVeIInbGrXilryTevYSKgfvoQJpW9UClOWKAxSsYf2/4G2u1vcn492svOSL42OSa2MhujBWEQ=="
    }
  }
}
